github.com/gopherjs/gopherjs v0.0.0-20190915194858-d3ddacdb130f h1:TyqzGm2z1h3AGhjOoRYyeLcW4WlW81MDQkWa+rx/000=
github.com/gopherjs/gopherjs v0.0.0-20190915194858-d3ddacdb130f/go.mod h1:wJfORRmW1u3UXTncJ5qlYoELFm8eSnnEO6hX4iZ3EWY=
github.com/gopherjs/gopherjs v0.0.0-20191106031601-ce3c9ade29de h1:F7WD09S8QB4LrkEpka0dFPLSotH11HRpCsLIbIcJ7sU=
github.com/gopherjs/gopherjs v0.0.0-20191106031601-ce3c9ade29de/go.mod h1:wJfORRmW1u3UXTncJ5qlYoELFm8eSnnEO6hX4iZ3EWY=
github.com/gopherjs/gopherjs v0.0.0-20200217142428-fce0ec30dd00 h1:l5lAOZEym3oK3SQ2HBHWsJUfbNBiTXJDeW2QDxw9AQ0=
github.com/gopherjs/gopherjs v0.0.0-20200217142428-fce0ec30dd00/go.mod h1:wJfORRmW1u3UXTncJ5qlYoELFm8eSnnEO6hX4iZ3EWY=
github.com/haya14busa/go-checkstyle v0.0.0-20170303121022-5e9d09f51fa1/go.mod h1:RsN5RGgVYeXpcXNtWyztD5VIe7VNSEqpJvF2iEH7QvI=
github.com/haya14busa/go-sarif v0.0.0-20200630141737-3c4893c6d735/go.mod h1:1Hkn3JseGMB/hv1ywzkapVQDWV3bFgp6POZobZmR/5g=
github.com/haya14busa/go-sarif v0.0.0-20200721090635-d2343efc5d00/go.mod h1:1Hkn3JseGMB/hv1ywzkapVQDWV3bFgp6POZobZmR/5g=
github.com/haya14busa/go-sarif v0.0.0-20210102043135-e2c5fed2fa3d/go.mod h1:1Hkn3JseGMB/hv1ywzkapVQDWV3bFgp6POZobZmR/5g=
github.com/reviewdog/errorformat v0.0.0-20190922191035-8e3d11c5cd1b h1:k8rOuDDX1Qp3dYxBljj1+KmLt3kP1sUbiRM/rADJHSI=
github.com/reviewdog/errorformat v0.0.0-20190922191035-8e3d11c5cd1b/go.mod h1:giYAXnpegRDPsXUO7TRpDKXJo1lFGYxyWRfEt5iQ+OA=
github.com/reviewdog/errorformat v0.0.0-20190922193611-a885a245ae0b h1:NABkU7TlpmdWxLPqjEDhFmsRolT7/d3hOPDj3LlnUmQ=
github.com/reviewdog/errorformat v0.0.0-20190922193611-a885a245ae0b/go.mod h1:giYAXnpegRDPsXUO7TRpDKXJo1lFGYxyWRfEt5iQ+OA=
github.com/reviewdog/errorformat v0.0.0-20191205145527-74f85e16e317 h1:gY7Zh3de/CymZkE67bigwR9jTaGdeXPNHthUZIRAQjM=
github.com/reviewdog/errorformat v0.0.0-20191205145527-74f85e16e317/go.mod h1:giYAXnpegRDPsXUO7TRpDKXJo1lFGYxyWRfEt5iQ+OA=
github.com/reviewdog/errorformat v0.0.0-20200104154450-5b92f813bd0d h1:VpQ2UG6pFevKaDniSEVFs3pxbhZ/UrYw6+foL2e4dKo=
github.com/reviewdog/errorformat v0.0.0-20200104154450-5b92f813bd0d/go.mod h1:giYAXnpegRDPsXUO7TRpDKXJo1lFGYxyWRfEt5iQ+OA=
github.com/reviewdog/errorformat v0.0.0-20200109134752-8983be9bc7dd h1:fvaEkjpr2NJbtnFRCft7D6y/mQ5/2OQU0pKJLW8dwFA=
github.com/reviewdog/errorformat v0.0.0-20200109134752-8983be9bc7dd/go.mod h1:giYAXnpegRDPsXUO7TRpDKXJo1lFGYxyWRfEt5iQ+OA=
github.com/reviewdog/errorformat v0.0.0-20200131115011-f81d8fd336b8 h1:fHTqYmEBHji9kxsy4mVhqTl2XAWiL9jLVkd4369XehI=
github.com/reviewdog/errorformat v0.0.0-20200131115011-f81d8fd336b8/go.mod h1:giYAXnpegRDPsXUO7TRpDKXJo1lFGYxyWRfEt5iQ+OA=
github.com/reviewdog/errorformat v0.0.0-20200525170631-83a795bbcf02 h1:8Zctj0UJeXYYXdrMyfmrH7C6NOgDyPq6WIOvEPcIyv0=
github.com/reviewdog/errorformat v0.0.0-20200525170631-83a795bbcf02/go.mod h1:giYAXnpegRDPsXUO7TRpDKXJo1lFGYxyWRfEt5iQ+OA=
github.com/reviewdog/errorformat v0.0.0-20200622091151-ac6101f62307 h1:ISIhL0fkMCOvpzSvOFS4i64vDC7V7gf5H13qNrOcUzI=
github.com/reviewdog/errorformat v0.0.0-20200622091151-ac6101f62307/go.mod h1:giYAXnpegRDPsXUO7TRpDKXJo1lFGYxyWRfEt5iQ+OA=
github.com/reviewdog/errorformat v0.0.0-20200701132939-79fe8306e8d9 h1:wY1L/cbM8opg0ZnrNw8JMGaulMJo5mAPn4XHygrSMR4=
github.com/reviewdog/errorformat v0.0.0-20200701132939-79fe8306e8d9/go.mod h1:7+s/u8S0DYnGUmhIJmGi3qj+OADu2jMLFmG+igeRjXM=
github.com/reviewdog/errorformat v0.0.0-20200718103534-732d4abf7a25 h1:pRdUP3tcciNPyNScQCNSRFjikFQCv4ISjFJoKKJlySw=
github.com/reviewdog/errorformat v0.0.0-20200718103534-732d4abf7a25/go.mod h1:7+s/u8S0DYnGUmhIJmGi3qj+OADu2jMLFmG+igeRjXM=
github.com/reviewdog/errorformat v0.0.0-20200813150006-94458edd948a h1:59JQkp3lB3rtlKpt+0ueSoyLIL3tzGexPwfdAN+9HS0=
github.com/reviewdog/errorformat v0.0.0-20200813150006-94458edd948a/go.mod h1:Akd5vemrJaAHgnEOFrC4yMbEKaOsddwF1LKkfovSFI8=
github.com/reviewdog/errorformat v0.0.0-20200929113217-87743a11f4be h1:IpDdiXYYOrEF4oSxuwok4bQoZs3Wq3B5KxiJzynlCYo=
github.com/reviewdog/errorformat v0.0.0-20200929113217-87743a11f4be/go.mod h1:Akd5vemrJaAHgnEOFrC4yMbEKaOsddwF1LKkfovSFI8=
github.com/reviewdog/errorformat v0.0.0-20201020160743-a656ed371170 h1:mXnYP0Ar2dpAorxqoIERETwelsF8jkOR3BWPU4ByTH4=
github.com/reviewdog/errorformat v0.0.0-20201020160743-a656ed371170/go.mod h1:Akd5vemrJaAHgnEOFrC4yMbEKaOsddwF1LKkfovSFI8=
github.com/reviewdog/errorformat v0.0.0-20210517100703-fd739bda5dda h1:5Y9XKToBKO/WPJ9qq30nvpu9DUNy+nwvT8vcSwk/n8w=
github.com/reviewdog/errorformat v0.0.0-20210517100703-fd739bda5dda/go.mod h1:AqhrP0G7F9YRROF10JQwdd4cNO8bdm6bY6KzcOc3Cp8=
